// !$*UTF8*$!
{
	archiveVersion = 1;
	classes = {
	};
	objectVersion = 46;
	objects = {

/* Begin PBXBuildFile section */
		2A8950FD217C61CC006B5853 /* AppDelegate.swift in Sources */ = {isa = PBXBuildFile; fileRef = 2A8950FC217C61CC006B5853 /* AppDelegate.swift */; };
		2A8950FF217C61CC006B5853 /* ViewController.swift in Sources */ = {isa = PBXBuildFile; fileRef = 2A8950FE217C61CC006B5853 /* ViewController.swift */; };
		2A895102217C61CC006B5853 /* Main.storyboard in Resources */ = {isa = PBXBuildFile; fileRef = 2A895100217C61CC006B5853 /* Main.storyboard */; };
		2A895104217C61CC006B5853 /* Assets.xcassets in Resources */ = {isa = PBXBuildFile; fileRef = 2A895103217C61CC006B5853 /* Assets.xcassets */; };
		2A895107217C61CC006B5853 /* LaunchScreen.storyboard in Resources */ = {isa = PBXBuildFile; fileRef = 2A895105217C61CC006B5853 /* LaunchScreen.storyboard */; };
		2A89510F217C62E6006B5853 /* Square.swift in Sources */ = {isa = PBXBuildFile; fileRef = 2A89510E217C62E6006B5853 /* Square.swift */; };
		2A895111217C6380006B5853 /* Board.swift in Sources */ = {isa = PBXBuildFile; fileRef = 2A895110217C6380006B5853 /* Board.swift */; };
/* End PBXBuildFile section */

/* Begin PBXFileReference section */
		2A8950F9217C61CC006B5853 /* Mineswifter.app */ = {isa = PBXFileReference; explicitFileType = wrapper.application; includeInIndex = 0; path = Mineswifter.app; sourceTree = BUILT_PRODUCTS_DIR; };
		2A8950FC217C61CC006B5853 /* AppDelegate.swift */ = {isa = PBXFileReference; lastKnownFileType = sourcecode.swift; path = AppDelegate.swift; sourceTree = "<group>"; };
		2A8950FE217C61CC006B5853 /* ViewController.swift */ = {isa = PBXFileReference; lastKnownFileType = sourcecode.swift; path = ViewController.swift; sourceTree = "<group>"; };
		2A895101217C61CC006B5853 /* Base */ = {isa = PBXFileReference; lastKnownFileType = file.storyboard; name = Base; path = Base.lproj/Main.storyboard; sourceTree = "<group>"; };
		2A895103217C61CC006B5853 /* Assets.xcassets */ = {isa = PBXFileReference; lastKnownFileType = folder.assetcatalog; path = Assets.xcassets; sourceTree = "<group>"; };
		2A895106217C61CC006B5853 /* Base */ = {isa = PBXFileReference; lastKnownFileType = file.storyboard; name = Base; path = Base.lproj/LaunchScreen.storyboard; sourceTree = "<group>"; };
		2A895108217C61CC006B5853 /* Info.plist */ = {isa = PBXFileReference; lastKnownFileType = text.plist.xml; path = Info.plist; sourceTree = "<group>"; };
		2A89510E217C62E6006B5853 /* Square.swift */ = {isa = PBXFileReference; fileEncoding = 4; lastKnownFileType = sourcecode.swift; path = Square.swift; sourceTree = "<group>"; };
		2A895110217C6380006B5853 /* Board.swift */ = {isa = PBXFileReference; fileEncoding = 4; lastKnownFileType = sourcecode.swift; path = Board.swift; sourceTree = "<group>"; };
/* End PBXFileReference section */

/* Begin PBXFrameworksBuildPhase section */
		2A8950F6217C61CB006B5853 /* Frameworks */ = {
			isa = PBXFrameworksBuildPhase;
			buildActionMask = 2147483647;
			files = (
			);
			runOnlyForDeploymentPostprocessing = 0;
		};
/* End PBXFrameworksBuildPhase section */

/* Begin PBXGroup section */
		2A8950F0217C61CB006B5853 = {
			isa = PBXGroup;
			children = (
				2A8950FB217C61CC006B5853 /* Mineswifter */,
				2A8950FA217C61CC006B5853 /* Products */,
			);
			sourceTree = "<group>";
		};
		2A8950FA217C61CC006B5853 /* Products */ = {
			isa = PBXGroup;
			children = (
				2A8950F9217C61CC006B5853 /* Mineswifter.app */,
			);
			name = Products;
			sourceTree = "<group>";
		};
		2A8950FB217C61CC006B5853 /* Mineswifter */ = {
			isa = PBXGroup;
			children = (
				2A8950FC217C61CC006B5853 /* AppDelegate.swift */,
				2A8950FE217C61CC006B5853 /* ViewController.swift */,
				2A895100217C61CC006B5853 /* Main.storyboard */,
				2A89510E217C62E6006B5853 /* Square.swift */,
				2A895110217C6380006B5853 /* Board.swift */,
				2A895103217C61CC006B5853 /* Assets.xcassets */,
				2A895105217C61CC006B5853 /* LaunchScreen.storyboard */,
				2A895108217C61CC006B5853 /* Info.plist */,
			);
			path = Mineswifter;
			sourceTree = "<group>";
		};
/* End PBXGroup section */

/* Begin PBXNativeTarget section */
		2A8950F8217C61CB006B5853 /* Mineswifter */ = {
			isa = PBXNativeTarget;
			buildConfigurationList = 2A89510B217C61CC006B5853 /* Build configuration list for PBXNativeTarget "Mineswifter" */;
			buildPhases = (
				2A8950F5217C61CB006B5853 /* Sources */,
				2A8950F6217C61CB006B5853 /* Frameworks */,
				2A8950F7217C61CB006B5853 /* Resources */,
			);
			buildRules = (
			);
			dependencies = (
			);
			name = Mineswifter;
			productName = Mineswifter;
			productReference = 2A8950F9217C61CC006B5853 /* Mineswifter.app */;
			productType = "com.apple.product-type.application";
		};
/* End PBXNativeTarget section */

/* Begin PBXProject section */
		2A8950F1217C61CB006B5853 /* Project object */ = {
			isa = PBXProject;
			attributes = {
				LastSwiftUpdateCheck = 0820;
				LastUpgradeCheck = 0820;
				ORGANIZATIONNAME = iPhone;
				TargetAttributes = {
					2A8950F8217C61CB006B5853 = {
						CreatedOnToolsVersion = 8.2.1;
						ProvisioningStyle = Automatic;
					};
				};
			};
			buildConfigurationList = 2A8950F4217C61CB006B5853 /* Build configuration list for PBXProject "Mineswifter" */;
			compatibilityVersion = "Xcode 3.2";
			developmentRegion = English;
			hasScannedForEncodings = 0;
			knownRegions = (
				en,
				Base,
			);
			mainGroup = 2A8950F0217C61CB006B5853;
			productRefGroup = 2A8950FA217C61CC006B5853 /* Products */;
			projectDirPath = "";
			projectRoot = "";
			targets = (
				2A8950F8217C61CB006B5853 /* Mineswifter */,
			);
		};
/* End PBXProject section */

/* Begin PBXResourcesBuildPhase section */
		2A8950F7217C61CB006B5853 /* Resources */ = {
			isa = PBXResourcesBuildPhase;
			buildActionMask = 2147483647;
			files = (
				2A895107217C61CC006B5853 /* LaunchScreen.storyboard in Resources */,
				2A895104217C61CC006B5853 /* Assets.xcassets in Resources */,
				2A895102217C61CC006B5853 /* Main.storyboard in Resources */,
			);
			runOnlyForDeploymentPostprocessing = 0;
		};
/* End PBXResourcesBuildPhase section */

/* Begin PBXSourcesBuildPhase section */
		2A8950F5217C61CB006B5853 /* Sources */ = {
			isa = PBXSourcesBuildPhase;
			buildActionMask = 2147483647;
			files = (
				2A89510F217C62E6006B5853 /* Square.swift in Sources */,
				2A8950FF217C61CC006B5853 /* ViewController.swift in Sources */,
				2A895111217C6380006B5853 /* Board.swift in Sources */,
				2A8950FD217C61CC006B5853 /* AppDelegate.swift in Sources */,
			);
			runOnlyForDeploymentPostprocessing = 0;
		};
/* End PBXSourcesBuildPhase section */

/* Begin PBXVariantGroup section */
		2A895100217C61CC006B5853 /* Main.storyboard */ = {
			isa = PBXVariantGroup;
			children = (
				2A895101217C61CC006B5853 /* Base */,
			);
			name = Main.storyboard;
			sourceTree = "<group>";
		};
		2A895105217C61CC006B5853 /* LaunchScreen.storyboard */ = {
			isa = PBXVariantGroup;
			children = (
				2A895106217C61CC006B5853 /* Base */,
			);
			name = LaunchScreen.storyboard;
			sourceTree = "<group>";
		};
/* End PBXVariantGroup section */

/* Begin XCBuildConfiguration section */
		2A895109217C61CC006B5853 /* Debug */ = {
			isa = XCBuildConfiguration;
			buildSettings = {
				ALWAYS_SEARCH_USER_PATHS = NO;
				CLANG_ANALYZER_NONNULL = YES;
				CLANG_CXX_LANGUAGE_STANDARD = "gnu++0x";
				CLANG_CXX_LIBRARY = "libc++";
				CLANG_ENABLE_MODULES = YES;
				CLANG_ENABLE_OBJC_ARC = YES;
				CLANG_WARN_BOOL_CONVERSION = YES;
				CLANG_WARN_CONSTANT_CONVERSION = YES;
				CLANG_WARN_DIRECT_OBJC_ISA_USAGE = YES_ERROR;
				CLANG_WARN_DOCUMENTATION_COMMENTS = YES;
				CLANG_WARN_EMPTY_BODY = YES;
				CLANG_WARN_ENUM_CONVERSION = YES;
				CLANG_WARN_INFINITE_RECURSION = YES;
				CLANG_WARN_INT_CONVERSION = YES;
				CLANG_WARN_OBJC_ROOT_CLASS = YES_ERROR;
				CLANG_WARN_SUSPICIOUS_MOVE = YES;
				CLANG_WARN_UNREACHABLE_CODE = YES;
				CLANG_WARN__DUPLICATE_METHOD_MATCH = YES;
				"CODE_SIGN_IDENTITY[sdk=iphoneos*]" = "iPhone Developer";
				COPY_PHASE_STRIP = NO;
				DEBUG_INFORMATION_FORMAT = dwarf;
				ENABLE_STRICT_OBJC_MSGSEND = YES;
				ENABLE_TESTABILITY = YES;
				GCC_C_LANGUAGE_STANDARD = gnu99;
				GCC_DYNAMIC_NO_PIC = NO;
				GCC_NO_COMMON_BLOCKS = YES;
				GCC_OPTIMIZATION_LEVEL = 0;
				GCC_PREPROCESSOR_DEFINITIONS = (
					"DEBUG=1",
					"$(inherited)",
				);
				GCC_WARN_64_TO_32_BIT_CONVERSION = YES;
				GCC_WARN_ABOUT_RETURN_TYPE = YES_ERROR;
				GCC_WARN_UNDECLARED_SELECTOR = YES;
				GCC_WARN_UNINITIALIZED_AUTOS = YES_AGGRESSIVE;
				GCC_WARN_UNUSED_FUNCTION = YES;
				GCC_WARN_UNUSED_VARIABLE = YES;
				IPHONEOS_DEPLOYMENT_TARGET = 10.2;
				MTL_ENABLE_DEBUG_INFO = YES;
				ONLY_ACTIVE_ARCH = YES;
				SDKROOT = iphoneos;
				SWIFT_ACTIVE_COMPILATION_CONDITIONS = DEBUG;
				SWIFT_OPTIMIZATION_LEVEL = "-Onone";
				TARGETED_DEVICE_FAMILY = "1,2";
			};
			name = Debug;
		};
		2A89510A217C61CC006B5853 /* Release */ = {
			isa = XCBuildConfiguration;
			buildSettings = {
				ALWAYS_SEARCH_USER_PATHS = NO;
				CLANG_ANALYZER_NONNULL = YES;
				CLANG_CXX_LANGUAGE_STANDARD = "gnu++0x";
				CLANG_CXX_LIBRARY = "libc++";
				CLANG_ENABLE_MODULES = YES;
				CLANG_ENABLE_OBJC_ARC = YES;
				CLANG_WARN_BOOL_CONVERSION = YES;
				CLANG_WARN_CONSTANT_CONVERSION = YES;
				CLANG_WARN_DIRECT_OBJC_ISA_USAGE = YES_ERROR;
				CLANG_WARN_DOCUMENTATION_COMMENTS = YES;
				CLANG_WARN_EMPTY_BODY = YES;
				CLANG_WARN_ENUM_CONVERSION = YES;
				CLANG_WARN_INFINITE_RECURSION = YES;
				CLANG_WARN_INT_CONVERSION = YES;
				CLANG_WARN_OBJC_ROOT_CLASS = YES_ERROR;
				CLANG_WARN_SUSPICIOUS_MOVE = YES;
				CLANG_WARN_UNREACHABLE_CODE = YES;
				CLANG_WARN__DUPLICATE_METHOD_MATCH = YES;
				"CODE_SIGN_IDENTITY[sdk=iphoneos*]" = "iPhone Developer";
				COPY_PHASE_STRIP = NO;
				DEBUG_INFORMATION_FORMAT = "dwarf-with-dsym";
				ENABLE_NS_ASSERTIONS = NO;
				ENABLE_STRICT_OBJC_MSGSEND = YES;
				GCC_C_LANGUAGE_STANDARD = gnu99;
				GCC_NO_COMMON_BLOCKS = YES;
				GCC_WARN_64_TO_32_BIT_CONVERSION = YES;
				GCC_WARN_ABOUT_RETURN_TYPE = YES_ERROR;
				GCC_WARN_UNDECLARED_SELECTOR = YES;
				GCC_WARN_UNINITIALIZED_AUTOS = YES_AGGRESSIVE;
				GCC_WARN_UNUSED_FUNCTION = YES;
				GCC_WARN_UNUSED_VARIABLE = YES;
				IPHONEOS_DEPLOYMENT_TARGET = 10.2;
				MTL_ENABLE_DEBUG_INFO = NO;
				SDKROOT = iphoneos;
				SWIFT_OPTIMIZATION_LEVEL = "-Owholemodule";
				TARGETED_DEVICE_FAMILY = "1,2";
				VALIDATE_PRODUCT = YES;
			};
			name = Release;
		};
		2A89510C217C61CC006B5853 /* Debug */ = {
			isa = XCBuildConfiguration;
			buildSettings = {
				ASSETCATALOG_COMPILER_APPICON_NAME = AppIcon;
				INFOPLIST_FILE = Mineswifter/Info.plist;
				LD_RUNPATH_SEARCH_PATHS = "$(inherited) @executable_path/Frameworks";
				PRODUCT_BUNDLE_IDENTIFIER = personal.Mineswifter;
				PRODUCT_NAME = "$(TARGET_NAME)";
				SWIFT_VERSION = 3.0;
			};
			name = Debug;
		};
		2A89510D217C61CC006B5853 /* Release */ = {
			isa = XCBuildConfiguration;
			buildSettings = {
				ASSETCATALOG_COMPILER_APPICON_NAME = AppIcon;
				INFOPLIST_FILE = Mineswifter/Info.plist;
				LD_RUNPATH_SEARCH_PATHS = "$(inherited) @executable_path/Frameworks";
				PRODUCT_BUNDLE_IDENTIFIER = personal.Mineswifter;
				PRODUCT_NAME = "$(TARGET_NAME)";
				SWIFT_VERSION = 3.0;
			};
			name = Release;
		};
/* End XCBuildConfiguration section */

/* Begin XCConfigurationList section */
		2A8950F4217C61CB006B5853 /* Build configuration list for PBXProject "Mineswifter" */ = {
			isa = XCConfigurationList;
			buildConfigurations = (
				2A895109217C61CC006B5853 /* Debug */,
				2A89510A217C61CC006B5853 /* Release */,
			);
			defaultConfigurationIsVisible = 0;
			defaultConfigurationName = Release;
		};
		2A89510B217C61CC006B5853 /* Build configuration list for PBXNativeTarget "Mineswifter" */ = {
			isa = XCConfigurationList;
			buildConfigurations = (
				2A89510C217C61CC006B5853 /* Debug */,
				2A89510D217C61CC006B5853 /* Release */,
			);
			defaultConfigurationIsVisible = 0;
		};
/* End XCConfigurationList section */
	};
	rootObject = 2A8950F1217C61CB006B5853 /* Project object */;
}
